# This file is automatically @generated by Cargo.
# It is not intended for manual editing.
version = 3

[[package]]
name = "ashton_string"
version = "0.1.0"
dependencies = [
 "tailcall",
 "utils",
]

[[package]]
name = "hacker_rank"
version = "0.1.0"
dependencies = [
 "utils",
]

[[package]]
name = "loro-thunderdome"
version = "0.6.2"
source = "registry+https://github.com/rust-lang/crates.io-index"
checksum = "3f3d053a135388e6b1df14e8af1212af5064746e9b87a06a345a7a779ee9695a"

[[package]]
name = "nd_subset"
version = "0.1.0"
dependencies = [
 "utils",
]

[[package]]
name = "proc-macro2"
version = "1.0.93"
source = "registry+https://github.com/rust-lang/crates.io-index"
checksum = "60946a68e5f9d28b0dc1c21bb8a97ee7d018a8b322fa57838ba31cc878e22d99"
dependencies = [
 "unicode-ident",
]

[[package]]
name = "queen_attack"
version = "0.1.0"
dependencies = [
 "utils",
]

[[package]]
name = "quote"
version = "1.0.38"
source = "registry+https://github.com/rust-lang/crates.io-index"
checksum = "0e4dccaaaf89514f546c693ddc140f729f958c247918a13380cccc6078391acc"
dependencies = [
 "proc-macro2",
]

[[package]]
name = "syn"
version = "1.0.109"
source = "registry+https://github.com/rust-lang/crates.io-index"
checksum = "72b64191b275b66ffe2469e8af2c1cfe3bafa67b529ead792a6d0160888b4237"
dependencies = [
 "proc-macro2",
 "quote",
 "unicode-ident",
]

[[package]]
name = "tailcall"
version = "1.0.1"
source = "registry+https://github.com/rust-lang/crates.io-index"
checksum = "695cb8728beab065fe29d03ae105a23c7cdd6e8d9ed5fd717a0bbbd8c56ab0bb"
dependencies = [
 "tailcall-impl",
]

[[package]]
name = "tailcall-impl"
version = "1.0.1"
source = "registry+https://github.com/rust-lang/crates.io-index"
checksum = "10b7bf224f4cbce8706b34f6fd1db63bc9b1fa933a3b9e6eee2e78a660416e13"
dependencies = [
 "proc-macro2",
 "quote",
 "syn",
]

[[package]]
name = "unicode-ident"
version = "1.0.14"
source = "registry+https://github.com/rust-lang/crates.io-index"
checksum = "adb9e6ca4f869e1180728b7950e35922a7fc6397f7b641499e8f3ef06e50dc83"

[[package]]
name = "utils"
version = "0.1.0"
dependencies = [
 "loro-thunderdome",
]
